
Microsoft Visual Studio Solution File, Format Version 12.00
# Visual Studio Version 16
VisualStudioVersion = 16.0.30523.141
MinimumVisualStudioVersion = 10.0.40219.1
Project("{FAE04EC0-301F-11D3-BF4B-00C04F79EFBC}") = "NetCoreMVC", "NetCoreMVC.csproj", "{AFC78BAB-7088-4C50-A18F-F6C12B4473CA}"
EndProject
Global
	GlobalSection(SolutionConfigurationPlatforms) = preSolution
		Debug|Any CPU = Debug|Any CPU
		Release|Any CPU = Release|Any CPU
	EndGlobalSection
	GlobalSection(ProjectConfigurationPlatforms) = postSolution
		{AFC78BAB-7088-4C50-A18F-F6C12B4473CA}.Debug|Any CPU.ActiveCfg = Debug|Any CPU
		{AFC78BAB-7088-4C50-A18F-F6C12B4473CA}.Debug|Any CPU.Build.0 = Debug|Any CPU
		{AFC78BAB-7088-4C50-A18F-F6C12B4473CA}.Release|Any CPU.ActiveCfg = Release|Any CPU
		{AFC78BAB-7088-4C50-A18F-F6C12B4473CA}.Release|Any CPU.Build.0 = Release|Any CPU
	EndGlobalSection
	GlobalSection(SolutionProperties) = preSolution
		HideSolutionNode = FALSE
	EndGlobalSection
	GlobalSection(ExtensibilityGlobals) = postSolution
		SolutionGuid = {9C7B2845-8BED-47A3-A9AA-10E3E24A065B}
	EndGlobalSection
EndGlobal
